
Microsoft Visual Studio Solution File, Format Version 12.00
# Visual Studio Version 16
VisualStudioVersion = 16.0.29403.142
MinimumVisualStudioVersion = 10.0.40219.1
Project("{FAE04EC0-301F-11D3-BF4B-00C04F79EFBC}") = "MoveisCatalogApp", "MoveisCatalogApp\MoveisCatalogApp.csproj", "{1EE48DB4-4639-4137-953A-89E0163283CF}"
EndProject
Global
	GlobalSection(SolutionConfigurationPlatforms) = preSolution
		Debug|Any CPU = Debug|Any CPU
		Release|Any CPU = Release|Any CPU
	EndGlobalSection
	GlobalSection(ProjectConfigurationPlatforms) = postSolution
		{1EE48DB4-4639-4137-953A-89E0163283CF}.Debug|Any CPU.ActiveCfg = Debug|Any CPU
		{1EE48DB4-4639-4137-953A-89E0163283CF}.Debug|Any CPU.Build.0 = Debug|Any CPU
		{1EE48DB4-4639-4137-953A-89E0163283CF}.Release|Any CPU.ActiveCfg = Release|Any CPU
		{1EE48DB4-4639-4137-953A-89E0163283CF}.Release|Any CPU.Build.0 = Release|Any CPU
	EndGlobalSection
	GlobalSection(SolutionProperties) = preSolution
		HideSolutionNode = FALSE
	EndGlobalSection
	GlobalSection(ExtensibilityGlobals) = postSolution
		SolutionGuid = {EF9319ED-E3BB-4537-ACE1-362B172517A3}
	EndGlobalSection
EndGlobal
